
Microsoft Visual Studio Solution File, Format Version 12.00
# Visual Studio Version 17
VisualStudioVersion = 17.10.35122.118
MinimumVisualStudioVersion = 10.0.40219.1
Project("{FAE04EC0-301F-11D3-BF4B-00C04F79EFBC}") = "JasyptCSharp", "JasyptCSharp\JasyptCSharp.csproj", "{F65FE8FD-3FA3-4134-B4F1-54236EF02496}"
EndProject
Global
	GlobalSection(SolutionConfigurationPlatforms) = preSolution
		Debug|Any CPU = Debug|Any CPU
		Release|Any CPU = Release|Any CPU
	EndGlobalSection
	GlobalSection(ProjectConfigurationPlatforms) = postSolution
		{F65FE8FD-3FA3-4134-B4F1-54236EF02496}.Debug|Any CPU.ActiveCfg = Debug|Any CPU
		{F65FE8FD-3FA3-4134-B4F1-54236EF02496}.Debug|Any CPU.Build.0 = Debug|Any CPU
		{F65FE8FD-3FA3-4134-B4F1-54236EF02496}.Release|Any CPU.ActiveCfg = Release|Any CPU
		{F65FE8FD-3FA3-4134-B4F1-54236EF02496}.Release|Any CPU.Build.0 = Release|Any CPU
	EndGlobalSection
	GlobalSection(SolutionProperties) = preSolution
		HideSolutionNode = FALSE
	EndGlobalSection
	GlobalSection(ExtensibilityGlobals) = postSolution
		SolutionGuid = {08053277-C6C3-42CE-8115-78E6B004E601}
	EndGlobalSection
EndGlobal
